// !$*UTF8*$!
{
	archiveVersion = 1;
	classes = {
	};
	objectVersion = 46;
	objects = {

/* Begin PBXBuildFile section */
		2BCA6E1BD01FB157303055A5 /* Settings.bundle in Resources */ = {isa = PBXBuildFile; fileRef = 14CD1AEB1888D196C07BD3D7 /* Settings.bundle */; };
		6E9516BC1B55901F0060E0BD /* libz.dylib in Frameworks */ = {isa = PBXBuildFile; fileRef = 6E9516BB1B55901F0060E0BD /* libz.dylib */; };
		6E9516BE1B5590970060E0BD /* libiconv.dylib in Frameworks */ = {isa = PBXBuildFile; fileRef = 6E9516BD1B5590970060E0BD /* libiconv.dylib */; };
		6E9516C01B5590AB0060E0BD /* libc++.dylib in Frameworks */ = {isa = PBXBuildFile; fileRef = 6E9516BF1B5590AB0060E0BD /* libc++.dylib */; };
		6E9516C21B5590B30060E0BD /* libxml2.dylib in Frameworks */ = {isa = PBXBuildFile; fileRef = 6E9516C11B5590B30060E0BD /* libxml2.dylib */; };
		6E9516C41B5590B90060E0BD /* AudioToolbox.framework in Frameworks */ = {isa = PBXBuildFile; fileRef = 6E9516C31B5590B90060E0BD /* AudioToolbox.framework */; };
		6E9516DD1B5591070060E0BD /* AddressBook.framework in Frameworks */ = {isa = PBXBuildFile; fileRef = 6E9516C51B5591070060E0BD /* AddressBook.framework */; };
		6E9516DE1B5591070060E0BD /* AddressBookUI.framework in Frameworks */ = {isa = PBXBuildFile; fileRef = 6E9516C61B5591070060E0BD /* AddressBookUI.framework */; };
		6E9516DF1B5591070060E0BD /* AVFoundation.framework in Frameworks */ = {isa = PBXBuildFile; fileRef = 6E9516C71B5591070060E0BD /* AVFoundation.framework */; };
		6E9516E01B5591070060E0BD /* CFNetwork.framework in Frameworks */ = {isa = PBXBuildFile; fileRef = 6E9516C81B5591070060E0BD /* CFNetwork.framework */; };
		6E9516E11B5591070060E0BD /* CoreAudio.framework in Frameworks */ = {isa = PBXBuildFile; fileRef = 6E9516C91B5591070060E0BD /* CoreAudio.framework */; };
		6E9516E21B5591070060E0BD /* CoreData.framework in Frameworks */ = {isa = PBXBuildFile; fileRef = 6E9516CA1B5591070060E0BD /* CoreData.framework */; };
		6E9516E31B5591070060E0BD /* CoreGraphics.framework in Frameworks */ = {isa = PBXBuildFile; fileRef = 6E9516CB1B5591070060E0BD /* CoreGraphics.framework */; };
		6E9516E41B5591070060E0BD /* CoreLocation.framework in Frameworks */ = {isa = PBXBuildFile; fileRef = 6E9516CC1B5591070060E0BD /* CoreLocation.framework */; };
		6E9516E51B5591070060E0BD /* CoreMedia.framework in Frameworks */ = {isa = PBXBuildFile; fileRef = 6E9516CD1B5591070060E0BD /* CoreMedia.framework */; };
		6E9516E61B5591070060E0BD /* CoreMotion.framework in Frameworks */ = {isa = PBXBuildFile; fileRef = 6E9516CE1B5591070060E0BD /* CoreMotion.framework */; };
		6E9516E71B5591070060E0BD /* CoreTelephony.framework in Frameworks */ = {isa = PBXBuildFile; fileRef = 6E9516CF1B5591070060E0BD /* CoreTelephony.framework */; };
		6E9516E81B5591070060E0BD /* CoreVideo.framework in Frameworks */ = {isa = PBXBuildFile; fileRef = 6E9516D01B5591070060E0BD /* CoreVideo.framework */; };
		6E9516E91B5591070060E0BD /* Foundation.framework in Frameworks */ = {isa = PBXBuildFile; fileRef = 6E9516D11B5591070060E0BD /* Foundation.framework */; };
		6E9516EA1B5591070060E0BD /* MapKit.framework in Frameworks */ = {isa = PBXBuildFile; fileRef = 6E9516D21B5591070060E0BD /* MapKit.framework */; };
		6E9516EB1B5591070060E0BD /* MediaPlayer.framework in Frameworks */ = {isa = PBXBuildFile; fileRef = 6E9516D31B5591070060E0BD /* MediaPlayer.framework */; };
		6E9516EC1B5591070060E0BD /* MessageUI.framework in Frameworks */ = {isa = PBXBuildFile; fileRef = 6E9516D41B5591070060E0BD /* MessageUI.framework */; };
		6E9516ED1B5591070060E0BD /* OpenAL.framework in Frameworks */ = {isa = PBXBuildFile; fileRef = 6E9516D51B5591070060E0BD /* OpenAL.framework */; };
		6E9516EE1B5591070060E0BD /* OpenGLES.framework in Frameworks */ = {isa = PBXBuildFile; fileRef = 6E9516D61B5591070060E0BD /* OpenGLES.framework */; };
		6E9516EF1B5591070060E0BD /* QuartzCore.framework in Frameworks */ = {isa = PBXBuildFile; fileRef = 6E9516D71B5591070060E0BD /* QuartzCore.framework */; };
		6E9516F01B5591070060E0BD /* Security.framework in Frameworks */ = {isa = PBXBuildFile; fileRef = 6E9516D81B5591070060E0BD /* Security.framework */; };
		6E9516F11B5591070060E0BD /* Social.framework in Frameworks */ = {isa = PBXBuildFile; fileRef = 6E9516D91B5591070060E0BD /* Social.framework */; };
		6E9516F21B5591070060E0BD /* SystemConfiguration.framework in Frameworks */ = {isa = PBXBuildFile; fileRef = 6E9516DA1B5591070060E0BD /* SystemConfiguration.framework */; };
		6E9516F31B5591070060E0BD /* Twitter.framework in Frameworks */ = {isa = PBXBuildFile; fileRef = 6E9516DB1B5591070060E0BD /* Twitter.framework */; };
		6E9516F41B5591070060E0BD /* UIKit.framework in Frameworks */ = {isa = PBXBuildFile; fileRef = 6E9516DC1B5591070060E0BD /* UIKit.framework */; };
		6E9516F91B55920D0060E0BD /* include in Resources */ = {isa = PBXBuildFile; fileRef = 6E9516F61B55920D0060E0BD /* include */; };
		6E9516FA1B55920D0060E0BD /* MPOAuth in Resources */ = {isa = PBXBuildFile; fileRef = 6E9516F71B55920D0060E0BD /* MPOAuth */; };
		6E9516FB1B55920D0060E0BD /* libMPOAuthMobile.a in Frameworks */ = {isa = PBXBuildFile; fileRef = 6E9516F81B55920D0060E0BD /* libMPOAuthMobile.a */; };
		6E9516FD1B5592330060E0BD /* LayarSDKResources.bundle in Resources */ = {isa = PBXBuildFile; fileRef = 6E9516FC1B5592330060E0BD /* LayarSDKResources.bundle */; };
		6EE430471B54701500770B17 /* LayarSDK.framework in Frameworks */ = {isa = PBXBuildFile; fileRef = 6EE430451B54701500770B17 /* LayarSDK.framework */; };
		6EE430481B54701500770B17 /* Libraries in Resources */ = {isa = PBXBuildFile; fileRef = 6EE430461B54701500770B17 /* Libraries */; };
		6EE4304A1B54703000770B17 /* ARLayarViewController.swift in Sources */ = {isa = PBXBuildFile; fileRef = 6EE430491B54703000770B17 /* ARLayarViewController.swift */; };
		759AE100708A3E876FA96DA5 /* AppDelegate.swift in Sources */ = {isa = PBXBuildFile; fileRef = 208E6748C26EB37B7D30BB71 /* AppDelegate.swift */; };
		820244EBF21FF0A3851BB91A /* LaunchScreen.xib in Sources */ = {isa = PBXBuildFile; fileRef = A308D71745F0888635B75D19 /* LaunchScreen.xib */; };
		8427E2643446E854FF21596B /* Images.xcassets in Resources */ = {isa = PBXBuildFile; fileRef = 2BB1EB3A711DBF555F65B64E /* Images.xcassets */; };
		AC71F6AD1C19A425150B60CC /* Main.storyboard in Sources */ = {isa = PBXBuildFile; fileRef = B2B26BBE4F5D73139AA31AA9 /* Main.storyboard */; };
		D4D528AC0E48B098AAEBBD28 /* Foundation.framework in Frameworks */ = {isa = PBXBuildFile; fileRef = 1CA91B6348988DE0C5C8E3EF /* Foundation.framework */; };
		EA6AD08A05F84E64C34A260D /* libPods-unit_tests.a in Frameworks */ = {isa = PBXBuildFile; fileRef = 6B73DD3EEFEB366CC333C9F9 /* libPods-unit_tests.a */; };
/* End PBXBuildFile section */

/* Begin PBXContainerItemProxy section */
		37A53E94A8F8377D7AA91F47 /* PBXContainerItemProxy */ = {
			isa = PBXContainerItemProxy;
			containerPortal = 650D265661AFA05B86BF904C /* Project object */;
			proxyType = 1;
			remoteGlobalIDString = 9F225B029CB92B6276211218;
			remoteInfo = layar;
		};
/* End PBXContainerItemProxy section */

/* Begin PBXFileReference section */
		0CBBF8FAB88595B82FEBC2E0 /* UnitTests.xctest */ = {isa = PBXFileReference; explicitFileType = wrapper.cfbundle; includeInIndex = 0; path = UnitTests.xctest; sourceTree = BUILT_PRODUCTS_DIR; };
		14CD1AEB1888D196C07BD3D7 /* Settings.bundle */ = {isa = PBXFileReference; includeInIndex = 1; lastKnownFileType = "wrapper.plug-in"; path = Settings.bundle; sourceTree = "<group>"; };
		166CE1C627203CBFCD99D5E0 /* Pods-unit_tests.debug.xcconfig */ = {isa = PBXFileReference; includeInIndex = 1; lastKnownFileType = text.xcconfig; name = "Pods-unit_tests.debug.xcconfig"; path = "Pods/Target Support Files/Pods-unit_tests/Pods-unit_tests.debug.xcconfig"; sourceTree = "<group>"; };
		1CA91B6348988DE0C5C8E3EF /* Foundation.framework */ = {isa = PBXFileReference; lastKnownFileType = wrapper.framework; name = Foundation.framework; path = Platforms/iPhoneOS.platform/Developer/SDKs/iPhoneOS7.1.sdk/System/Library/Frameworks/Foundation.framework; sourceTree = DEVELOPER_DIR; };
		208E6748C26EB37B7D30BB71 /* AppDelegate.swift */ = {isa = PBXFileReference; includeInIndex = 1; lastKnownFileType = sourcecode.swift; path = AppDelegate.swift; sourceTree = "<group>"; };
		2BB1EB3A711DBF555F65B64E /* Images.xcassets */ = {isa = PBXFileReference; includeInIndex = 1; lastKnownFileType = folder.assetcatalog; path = Images.xcassets; sourceTree = "<group>"; };
		5E526296E9EAAB504B7A3D9A /* Info.plist */ = {isa = PBXFileReference; includeInIndex = 1; lastKnownFileType = text.plist.xml; path = Info.plist; sourceTree = "<group>"; };
		6B73DD3EEFEB366CC333C9F9 /* libPods-unit_tests.a */ = {isa = PBXFileReference; explicitFileType = archive.ar; includeInIndex = 0; path = "libPods-unit_tests.a"; sourceTree = BUILT_PRODUCTS_DIR; };
		6E39A3CE1B59832100469EA9 /* LayarConfig.h */ = {isa = PBXFileReference; fileEncoding = 4; lastKnownFileType = sourcecode.c.h; path = LayarConfig.h; sourceTree = "<group>"; };
		6E39A3CF1B59849000469EA9 /* LayarConfigExample.h */ = {isa = PBXFileReference; lastKnownFileType = sourcecode.c.h; path = LayarConfigExample.h; sourceTree = "<group>"; };
		6E9516BB1B55901F0060E0BD /* libz.dylib */ = {isa = PBXFileReference; lastKnownFileType = "compiled.mach-o.dylib"; name = libz.dylib; path = usr/lib/libz.dylib; sourceTree = SDKROOT; };
		6E9516BD1B5590970060E0BD /* libiconv.dylib */ = {isa = PBXFileReference; lastKnownFileType = "compiled.mach-o.dylib"; name = libiconv.dylib; path = usr/lib/libiconv.dylib; sourceTree = SDKROOT; };
		6E9516BF1B5590AB0060E0BD /* libc++.dylib */ = {isa = PBXFileReference; lastKnownFileType = "compiled.mach-o.dylib"; name = "libc++.dylib"; path = "usr/lib/libc++.dylib"; sourceTree = SDKROOT; };
		6E9516C11B5590B30060E0BD /* libxml2.dylib */ = {isa = PBXFileReference; lastKnownFileType = "compiled.mach-o.dylib"; name = libxml2.dylib; path = usr/lib/libxml2.dylib; sourceTree = SDKROOT; };
		6E9516C31B5590B90060E0BD /* AudioToolbox.framework */ = {isa = PBXFileReference; lastKnownFileType = wrapper.framework; name = AudioToolbox.framework; path = System/Library/Frameworks/AudioToolbox.framework; sourceTree = SDKROOT; };
		6E9516C51B5591070060E0BD /* AddressBook.framework */ = {isa = PBXFileReference; lastKnownFileType = wrapper.framework; name = AddressBook.framework; path = System/Library/Frameworks/AddressBook.framework; sourceTree = SDKROOT; };
		6E9516C61B5591070060E0BD /* AddressBookUI.framework */ = {isa = PBXFileReference; lastKnownFileType = wrapper.framework; name = AddressBookUI.framework; path = System/Library/Frameworks/AddressBookUI.framework; sourceTree = SDKROOT; };
		6E9516C71B5591070060E0BD /* AVFoundation.framework */ = {isa = PBXFileReference; lastKnownFileType = wrapper.framework; name = AVFoundation.framework; path = System/Library/Frameworks/AVFoundation.framework; sourceTree = SDKROOT; };
		6E9516C81B5591070060E0BD /* CFNetwork.framework */ = {isa = PBXFileReference; lastKnownFileType = wrapper.framework; name = CFNetwork.framework; path = System/Library/Frameworks/CFNetwork.framework; sourceTree = SDKROOT; };
		6E9516C91B5591070060E0BD /* CoreAudio.framework */ = {isa = PBXFileReference; lastKnownFileType = wrapper.framework; name = CoreAudio.framework; path = System/Library/Frameworks/CoreAudio.framework; sourceTree = SDKROOT; };
		6E9516CA1B5591070060E0BD /* CoreData.framework */ = {isa = PBXFileReference; lastKnownFileType = wrapper.framework; name = CoreData.framework; path = System/Library/Frameworks/CoreData.framework; sourceTree = SDKROOT; };
		6E9516CB1B5591070060E0BD /* CoreGraphics.framework */ = {isa = PBXFileReference; lastKnownFileType = wrapper.framework; name = CoreGraphics.framework; path = System/Library/Frameworks/CoreGraphics.framework; sourceTree = SDKROOT; };
		6E9516CC1B5591070060E0BD /* CoreLocation.framework */ = {isa = PBXFileReference; lastKnownFileType = wrapper.framework; name = CoreLocation.framework; path = System/Library/Frameworks/CoreLocation.framework; sourceTree = SDKROOT; };
		6E9516CD1B5591070060E0BD /* CoreMedia.framework */ = {isa = PBXFileReference; lastKnownFileType = wrapper.framework; name = CoreMedia.framework; path = System/Library/Frameworks/CoreMedia.framework; sourceTree = SDKROOT; };
		6E9516CE1B5591070060E0BD /* CoreMotion.framework */ = {isa = PBXFileReference; lastKnownFileType = wrapper.framework; name = CoreMotion.framework; path = System/Library/Frameworks/CoreMotion.framework; sourceTree = SDKROOT; };
		6E9516CF1B5591070060E0BD /* CoreTelephony.framework */ = {isa = PBXFileReference; lastKnownFileType = wrapper.framework; name = CoreTelephony.framework; path = System/Library/Frameworks/CoreTelephony.framework; sourceTree = SDKROOT; };
		6E9516D01B5591070060E0BD /* CoreVideo.framework */ = {isa = PBXFileReference; lastKnownFileType = wrapper.framework; name = CoreVideo.framework; path = System/Library/Frameworks/CoreVideo.framework; sourceTree = SDKROOT; };
		6E9516D11B5591070060E0BD /* Foundation.framework */ = {isa = PBXFileReference; lastKnownFileType = wrapper.framework; name = Foundation.framework; path = System/Library/Frameworks/Foundation.framework; sourceTree = SDKROOT; };
		6E9516D21B5591070060E0BD /* MapKit.framework */ = {isa = PBXFileReference; lastKnownFileType = wrapper.framework; name = MapKit.framework; path = System/Library/Frameworks/MapKit.framework; sourceTree = SDKROOT; };
		6E9516D31B5591070060E0BD /* MediaPlayer.framework */ = {isa = PBXFileReference; lastKnownFileType = wrapper.framework; name = MediaPlayer.framework; path = System/Library/Frameworks/MediaPlayer.framework; sourceTree = SDKROOT; };
		6E9516D41B5591070060E0BD /* MessageUI.framework */ = {isa = PBXFileReference; lastKnownFileType = wrapper.framework; name = MessageUI.framework; path = System/Library/Frameworks/MessageUI.framework; sourceTree = SDKROOT; };
		6E9516D51B5591070060E0BD /* OpenAL.framework */ = {isa = PBXFileReference; lastKnownFileType = wrapper.framework; name = OpenAL.framework; path = System/Library/Frameworks/OpenAL.framework; sourceTree = SDKROOT; };
		6E9516D61B5591070060E0BD /* OpenGLES.framework */ = {isa = PBXFileReference; lastKnownFileType = wrapper.framework; name = OpenGLES.framework; path = System/Library/Frameworks/OpenGLES.framework; sourceTree = SDKROOT; };
		6E9516D71B5591070060E0BD /* QuartzCore.framework */ = {isa = PBXFileReference; lastKnownFileType = wrapper.framework; name = QuartzCore.framework; path = System/Library/Frameworks/QuartzCore.framework; sourceTree = SDKROOT; };
		6E9516D81B5591070060E0BD /* Security.framework */ = {isa = PBXFileReference; lastKnownFileType = wrapper.framework; name = Security.framework; path = System/Library/Frameworks/Security.framework; sourceTree = SDKROOT; };
		6E9516D91B5591070060E0BD /* Social.framework */ = {isa = PBXFileReference; lastKnownFileType = wrapper.framework; name = Social.framework; path = System/Library/Frameworks/Social.framework; sourceTree = SDKROOT; };
		6E9516DA1B5591070060E0BD /* SystemConfiguration.framework */ = {isa = PBXFileReference; lastKnownFileType = wrapper.framework; name = SystemConfiguration.framework; path = System/Library/Frameworks/SystemConfiguration.framework; sourceTree = SDKROOT; };
		6E9516DB1B5591070060E0BD /* Twitter.framework */ = {isa = PBXFileReference; lastKnownFileType = wrapper.framework; name = Twitter.framework; path = System/Library/Frameworks/Twitter.framework; sourceTree = SDKROOT; };
		6E9516DC1B5591070060E0BD /* UIKit.framework */ = {isa = PBXFileReference; lastKnownFileType = wrapper.framework; name = UIKit.framework; path = System/Library/Frameworks/UIKit.framework; sourceTree = SDKROOT; };
		6E9516F61B55920D0060E0BD /* include */ = {isa = PBXFileReference; lastKnownFileType = folder; path = include; sourceTree = "<group>"; };
		6E9516F71B55920D0060E0BD /* MPOAuth */ = {isa = PBXFileReference; lastKnownFileType = folder; path = MPOAuth; sourceTree = "<group>"; };
		6E9516F81B55920D0060E0BD /* libMPOAuthMobile.a */ = {isa = PBXFileReference; lastKnownFileType = archive.ar; path = libMPOAuthMobile.a; sourceTree = "<group>"; };
		6E9516FC1B5592330060E0BD /* LayarSDKResources.bundle */ = {isa = PBXFileReference; lastKnownFileType = "wrapper.plug-in"; path = LayarSDKResources.bundle; sourceTree = "<group>"; };
		6EE430451B54701500770B17 /* LayarSDK.framework */ = {isa = PBXFileReference; lastKnownFileType = wrapper.framework; path = LayarSDK.framework; sourceTree = "<group>"; };
		6EE430461B54701500770B17 /* Libraries */ = {isa = PBXFileReference; lastKnownFileType = folder; path = Libraries; sourceTree = "<group>"; };
		6EE430491B54703000770B17 /* ARLayarViewController.swift */ = {isa = PBXFileReference; fileEncoding = 4; lastKnownFileType = sourcecode.swift; path = ARLayarViewController.swift; sourceTree = "<group>"; };
		6EE4304C1B5470FD00770B17 /* BridgeHeader.h */ = {isa = PBXFileReference; fileEncoding = 4; lastKnownFileType = sourcecode.c.h; path = BridgeHeader.h; sourceTree = "<group>"; };
		736DAA9B85ECF72203327047 /* UnitTests-Info.plist */ = {isa = PBXFileReference; includeInIndex = 1; lastKnownFileType = text.plist.xml; path = "UnitTests-Info.plist"; sourceTree = "<group>"; };
		759032C97830338884E470B2 /* Pods-unit_tests.release.xcconfig */ = {isa = PBXFileReference; includeInIndex = 1; lastKnownFileType = text.xcconfig; name = "Pods-unit_tests.release.xcconfig"; path = "Pods/Target Support Files/Pods-unit_tests/Pods-unit_tests.release.xcconfig"; sourceTree = "<group>"; };
		A308D71745F0888635B75D19 /* LaunchScreen.xib */ = {isa = PBXFileReference; includeInIndex = 1; lastKnownFileType = file.xib; path = LaunchScreen.xib; sourceTree = "<group>"; };
		AEC3FB2B79C7A67C6FB4D824 /* layar.app */ = {isa = PBXFileReference; explicitFileType = wrapper.application; includeInIndex = 0; path = layar.app; sourceTree = BUILT_PRODUCTS_DIR; };
		B2B26BBE4F5D73139AA31AA9 /* Main.storyboard */ = {isa = PBXFileReference; includeInIndex = 1; lastKnownFileType = file.storyboard; path = Main.storyboard; sourceTree = "<group>"; };
/* End PBXFileReference section */

/* Begin PBXFrameworksBuildPhase section */
		0E75A1CB230538ECD4CBBA2F /* Frameworks */ = {
			isa = PBXFrameworksBuildPhase;
			buildActionMask = 2147483647;
			files = (
				6E9516DD1B5591070060E0BD /* AddressBook.framework in Frameworks */,
				6E9516DE1B5591070060E0BD /* AddressBookUI.framework in Frameworks */,
				6E9516DF1B5591070060E0BD /* AVFoundation.framework in Frameworks */,
				6E9516E01B5591070060E0BD /* CFNetwork.framework in Frameworks */,
				6E9516E11B5591070060E0BD /* CoreAudio.framework in Frameworks */,
				6E9516E21B5591070060E0BD /* CoreData.framework in Frameworks */,
				6E9516E31B5591070060E0BD /* CoreGraphics.framework in Frameworks */,
				6E9516E41B5591070060E0BD /* CoreLocation.framework in Frameworks */,
				6E9516E51B5591070060E0BD /* CoreMedia.framework in Frameworks */,
				6E9516E61B5591070060E0BD /* CoreMotion.framework in Frameworks */,
				6E9516E71B5591070060E0BD /* CoreTelephony.framework in Frameworks */,
				6E9516E81B5591070060E0BD /* CoreVideo.framework in Frameworks */,
				6E9516E91B5591070060E0BD /* Foundation.framework in Frameworks */,
				6E9516EA1B5591070060E0BD /* MapKit.framework in Frameworks */,
				6E9516FB1B55920D0060E0BD /* libMPOAuthMobile.a in Frameworks */,
				6E9516EB1B5591070060E0BD /* MediaPlayer.framework in Frameworks */,
				6E9516EC1B5591070060E0BD /* MessageUI.framework in Frameworks */,
				6E9516ED1B5591070060E0BD /* OpenAL.framework in Frameworks */,
				6E9516EE1B5591070060E0BD /* OpenGLES.framework in Frameworks */,
				6E9516EF1B5591070060E0BD /* QuartzCore.framework in Frameworks */,
				6E9516F01B5591070060E0BD /* Security.framework in Frameworks */,
				6E9516F11B5591070060E0BD /* Social.framework in Frameworks */,
				6E9516F21B5591070060E0BD /* SystemConfiguration.framework in Frameworks */,
				6E9516F31B5591070060E0BD /* Twitter.framework in Frameworks */,
				6E9516F41B5591070060E0BD /* UIKit.framework in Frameworks */,
				6E9516C41B5590B90060E0BD /* AudioToolbox.framework in Frameworks */,
				6E9516C21B5590B30060E0BD /* libxml2.dylib in Frameworks */,
				6E9516C01B5590AB0060E0BD /* libc++.dylib in Frameworks */,
				6E9516BE1B5590970060E0BD /* libiconv.dylib in Frameworks */,
				6E9516BC1B55901F0060E0BD /* libz.dylib in Frameworks */,
				D4D528AC0E48B098AAEBBD28 /* Foundation.framework in Frameworks */,
				6EE430471B54701500770B17 /* LayarSDK.framework in Frameworks */,
			);
			runOnlyForDeploymentPostprocessing = 0;
		};
		92D537B1894256C91077A9EA /* Frameworks */ = {
			isa = PBXFrameworksBuildPhase;
			buildActionMask = 2147483647;
			files = (
				EA6AD08A05F84E64C34A260D /* libPods-unit_tests.a in Frameworks */,
			);
			runOnlyForDeploymentPostprocessing = 0;
		};
/* End PBXFrameworksBuildPhase section */

/* Begin PBXGroup section */
		0722C47C162F2D944C7F3A64 /* Products */ = {
			isa = PBXGroup;
			children = (
				AEC3FB2B79C7A67C6FB4D824 /* layar.app */,
				0CBBF8FAB88595B82FEBC2E0 /* UnitTests.xctest */,
			);
			name = Products;
			sourceTree = "<group>";
		};
		0D8DECB16321DB01D2EAF8A1 /* Storyboards */ = {
			isa = PBXGroup;
			children = (
				B2B26BBE4F5D73139AA31AA9 /* Main.storyboard */,
			);
			path = Storyboards;
			sourceTree = "<group>";
		};
		230DC9061D1FA88E9C846274 /* Resources */ = {
			isa = PBXGroup;
			children = (
				2BB1EB3A711DBF555F65B64E /* Images.xcassets */,
				0D8DECB16321DB01D2EAF8A1 /* Storyboards */,
				DC562FA24E6CCE80578B3C4E /* Nibs */,
				A51C0E899775B077237F34A4 /* Other-Sources */,
				14CD1AEB1888D196C07BD3D7 /* Settings.bundle */,
			);
			path = Resources;
			sourceTree = "<group>";
		};
		2A9F9E73107C3F76E309E443 /* Tests */ = {
			isa = PBXGroup;
			children = (
			);
			path = Tests;
			sourceTree = "<group>";
		};
		2CC0BC9823D4A6F1094E53E6 /* Controllers */ = {
			isa = PBXGroup;
			children = (
				208E6748C26EB37B7D30BB71 /* AppDelegate.swift */,
				6EE430491B54703000770B17 /* ARLayarViewController.swift */,
			);
			path = Controllers;
			sourceTree = "<group>";
		};
		3D836C3242D337378E784AA5 /* Protocols */ = {
			isa = PBXGroup;
			children = (
			);
			path = Protocols;
			sourceTree = "<group>";
		};
		4698F3EFD88B6E265CF118EB = {
			isa = PBXGroup;
			children = (
				62CA9DFD476820A1D4C23C48 /* layar */,
				59516760E5779585BC0BB586 /* UnitTests */,
				E1D9AFF3D0A34B73944FACDE /* Frameworks */,
				0722C47C162F2D944C7F3A64 /* Products */,
				C805E9EB8B316146B1857CFD /* Pods */,
			);
			indentWidth = 4;
			sourceTree = "<group>";
			tabWidth = 4;
			usesTabs = 0;
		};
		53895E10C05C499A453963B0 /* iOS */ = {
			isa = PBXGroup;
			children = (
				6EE430451B54701500770B17 /* LayarSDK.framework */,
				6EE430461B54701500770B17 /* Libraries */,
				1CA91B6348988DE0C5C8E3EF /* Foundation.framework */,
			);
			name = iOS;
			sourceTree = "<group>";
		};
		59516760E5779585BC0BB586 /* UnitTests */ = {
			isa = PBXGroup;
			children = (
				E2FB72AB4A2C1736464AE392 /* Resources */,
				D3EB6E02A670DB4C508A0BBB /* Helpers */,
				2A9F9E73107C3F76E309E443 /* Tests */,
			);
			path = UnitTests;
			sourceTree = "<group>";
		};
		62CA9DFD476820A1D4C23C48 /* layar */ = {
			isa = PBXGroup;
			children = (
				6EE4304B1B5470CD00770B17 /* Headers */,
				C2469805AD63CB29AF5617E0 /* Extensions */,
				3D836C3242D337378E784AA5 /* Protocols */,
				667A5A9DEDF84DF8C84C623A /* Models */,
				796F51710B9E7ED456D9CB3D /* ViewModels */,
				2CC0BC9823D4A6F1094E53E6 /* Controllers */,
				B4581C6B70D5F41A18AF3BD1 /* Views */,
				230DC9061D1FA88E9C846274 /* Resources */,
			);
			path = layar;
			sourceTree = "<group>";
		};
		667A5A9DEDF84DF8C84C623A /* Models */ = {
			isa = PBXGroup;
			children = (
			);
			path = Models;
			sourceTree = "<group>";
		};
		6E9516F51B5591D70060E0BD /* MPOAuth */ = {
			isa = PBXGroup;
			children = (
				6E9516F61B55920D0060E0BD /* include */,
				6E9516F71B55920D0060E0BD /* MPOAuth */,
				6E9516F81B55920D0060E0BD /* libMPOAuthMobile.a */,
			);
			path = MPOAuth;
			sourceTree = "<group>";
		};
		6EE4304B1B5470CD00770B17 /* Headers */ = {
			isa = PBXGroup;
			children = (
				6EE4304C1B5470FD00770B17 /* BridgeHeader.h */,
				6E39A3CE1B59832100469EA9 /* LayarConfig.h */,
				6E39A3CF1B59849000469EA9 /* LayarConfigExample.h */,
			);
			path = Headers;
			sourceTree = "<group>";
		};
		796F51710B9E7ED456D9CB3D /* ViewModels */ = {
			isa = PBXGroup;
			children = (
			);
			path = ViewModels;
			sourceTree = "<group>";
		};
		A51C0E899775B077237F34A4 /* Other-Sources */ = {
			isa = PBXGroup;
			children = (
				6E9516FC1B5592330060E0BD /* LayarSDKResources.bundle */,
				6E9516F51B5591D70060E0BD /* MPOAuth */,
				5E526296E9EAAB504B7A3D9A /* Info.plist */,
			);
			path = "Other-Sources";
			sourceTree = "<group>";
		};
		B4581C6B70D5F41A18AF3BD1 /* Views */ = {
			isa = PBXGroup;
			children = (
			);
			path = Views;
			sourceTree = "<group>";
		};
		C2469805AD63CB29AF5617E0 /* Extensions */ = {
			isa = PBXGroup;
			children = (
			);
			path = Extensions;
			sourceTree = "<group>";
		};
		C805E9EB8B316146B1857CFD /* Pods */ = {
			isa = PBXGroup;
			children = (
				759032C97830338884E470B2 /* Pods-unit_tests.release.xcconfig */,
				166CE1C627203CBFCD99D5E0 /* Pods-unit_tests.debug.xcconfig */,
			);
			name = Pods;
			sourceTree = "<group>";
		};
		D3EB6E02A670DB4C508A0BBB /* Helpers */ = {
			isa = PBXGroup;
			children = (
			);
			path = Helpers;
			sourceTree = "<group>";
		};
		DC562FA24E6CCE80578B3C4E /* Nibs */ = {
			isa = PBXGroup;
			children = (
				A308D71745F0888635B75D19 /* LaunchScreen.xib */,
			);
			path = Nibs;
			sourceTree = "<group>";
		};
		E1D9AFF3D0A34B73944FACDE /* Frameworks */ = {
			isa = PBXGroup;
			children = (
				6E9516C51B5591070060E0BD /* AddressBook.framework */,
				6E9516C61B5591070060E0BD /* AddressBookUI.framework */,
				6E9516C71B5591070060E0BD /* AVFoundation.framework */,
				6E9516C81B5591070060E0BD /* CFNetwork.framework */,
				6E9516C91B5591070060E0BD /* CoreAudio.framework */,
				6E9516CA1B5591070060E0BD /* CoreData.framework */,
				6E9516CB1B5591070060E0BD /* CoreGraphics.framework */,
				6E9516CC1B5591070060E0BD /* CoreLocation.framework */,
				6E9516CD1B5591070060E0BD /* CoreMedia.framework */,
				6E9516CE1B5591070060E0BD /* CoreMotion.framework */,
				6E9516CF1B5591070060E0BD /* CoreTelephony.framework */,
				6E9516D01B5591070060E0BD /* CoreVideo.framework */,
				6E9516D11B5591070060E0BD /* Foundation.framework */,
				6E9516D21B5591070060E0BD /* MapKit.framework */,
				6E9516D31B5591070060E0BD /* MediaPlayer.framework */,
				6E9516D41B5591070060E0BD /* MessageUI.framework */,
				6E9516D51B5591070060E0BD /* OpenAL.framework */,
				6E9516D61B5591070060E0BD /* OpenGLES.framework */,
				6E9516D71B5591070060E0BD /* QuartzCore.framework */,
				6E9516D81B5591070060E0BD /* Security.framework */,
				6E9516D91B5591070060E0BD /* Social.framework */,
				6E9516DA1B5591070060E0BD /* SystemConfiguration.framework */,
				6E9516DB1B5591070060E0BD /* Twitter.framework */,
				6E9516DC1B5591070060E0BD /* UIKit.framework */,
				6E9516C31B5590B90060E0BD /* AudioToolbox.framework */,
				6E9516C11B5590B30060E0BD /* libxml2.dylib */,
				6E9516BF1B5590AB0060E0BD /* libc++.dylib */,
				6E9516BD1B5590970060E0BD /* libiconv.dylib */,
				6E9516BB1B55901F0060E0BD /* libz.dylib */,
				53895E10C05C499A453963B0 /* iOS */,
				6B73DD3EEFEB366CC333C9F9 /* libPods-unit_tests.a */,
			);
			name = Frameworks;
			sourceTree = "<group>";
		};
		E2FB72AB4A2C1736464AE392 /* Resources */ = {
			isa = PBXGroup;
			children = (
				736DAA9B85ECF72203327047 /* UnitTests-Info.plist */,
			);
			path = Resources;
			sourceTree = "<group>";
		};
/* End PBXGroup section */

/* Begin PBXNativeTarget section */
		55675F29666329CC9A017E04 /* UnitTests */ = {
			isa = PBXNativeTarget;
			buildConfigurationList = AB25DAE5CEE6A28B8F2E3D18 /* Build configuration list for PBXNativeTarget "UnitTests" */;
			buildPhases = (
				072B7305FD704FF4ADBABADA /* Check Pods Manifest.lock */,
				6D47E3A8BD15BE8937D12FA4 /* Sources */,
				92D537B1894256C91077A9EA /* Frameworks */,
				F3271F4483CB593044417F35 /* Resources */,
				9ADA25753E87F2472BA8DAB7 /* Copy Pods Resources */,
			);
			buildRules = (
			);
			dependencies = (
				74268BBB525A3EF1B600E99F /* PBXTargetDependency */,
			);
			name = UnitTests;
			productName = UnitTests;
			productReference = 0CBBF8FAB88595B82FEBC2E0 /* UnitTests.xctest */;
			productType = "com.apple.product-type.bundle.unit-test";
		};
		9F225B029CB92B6276211218 /* layar */ = {
			isa = PBXNativeTarget;
			buildConfigurationList = 8D628BD0266458C879D939E9 /* Build configuration list for PBXNativeTarget "layar" */;
			buildPhases = (
				0E8C7B7BF55B59F95A01B0E6 /* Sources */,
				0E75A1CB230538ECD4CBBA2F /* Frameworks */,
				FE0EDD1DB6B708EB6698DA9E /* Resources */,
				03DEA916D39A57581EDC324E /* Warn for TODO and FIXME comments */,
			);
			buildRules = (
			);
			dependencies = (
			);
			name = layar;
			productName = layar;
			productReference = AEC3FB2B79C7A67C6FB4D824 /* layar.app */;
			productType = "com.apple.product-type.application";
		};
/* End PBXNativeTarget section */

/* Begin PBXProject section */
		650D265661AFA05B86BF904C /* Project object */ = {
			isa = PBXProject;
			attributes = {
				CLASSPREFIX = AR;
				LastUpgradeCheck = 0510;
				ORGANIZATIONNAME = solstice;
				TargetAttributes = {
					9F225B029CB92B6276211218 = {
						DevelopmentTeam = KM2V73S896;
					};
				};
			};
			buildConfigurationList = DE69622E2A34F863828313CA /* Build configuration list for PBXProject "layar" */;
			compatibilityVersion = "Xcode 3.2";
			developmentRegion = English;
			hasScannedForEncodings = 0;
			knownRegions = (
				en,
			);
			mainGroup = 4698F3EFD88B6E265CF118EB;
			productRefGroup = 0722C47C162F2D944C7F3A64 /* Products */;
			projectDirPath = "";
			projectRoot = "";
			targets = (
				9F225B029CB92B6276211218 /* layar */,
				55675F29666329CC9A017E04 /* UnitTests */,
			);
		};
/* End PBXProject section */

/* Begin PBXResourcesBuildPhase section */
		F3271F4483CB593044417F35 /* Resources */ = {
			isa = PBXResourcesBuildPhase;
			buildActionMask = 2147483647;
			files = (
			);
			runOnlyForDeploymentPostprocessing = 0;
		};
		FE0EDD1DB6B708EB6698DA9E /* Resources */ = {
			isa = PBXResourcesBuildPhase;
			buildActionMask = 2147483647;
			files = (
				6EE430481B54701500770B17 /* Libraries in Resources */,
				8427E2643446E854FF21596B /* Images.xcassets in Resources */,
				2BCA6E1BD01FB157303055A5 /* Settings.bundle in Resources */,
				6E9516F91B55920D0060E0BD /* include in Resources */,
				6E9516FD1B5592330060E0BD /* LayarSDKResources.bundle in Resources */,
				6E9516FA1B55920D0060E0BD /* MPOAuth in Resources */,
			);
			runOnlyForDeploymentPostprocessing = 0;
		};
/* End PBXResourcesBuildPhase section */

/* Begin PBXShellScriptBuildPhase section */
		03DEA916D39A57581EDC324E /* Warn for TODO and FIXME comments */ = {
			isa = PBXShellScriptBuildPhase;
			buildActionMask = 2147483647;
			files = (
			);
			inputPaths = (
			);
			name = "Warn for TODO and FIXME comments";
			outputPaths = (
			);
			runOnlyForDeploymentPostprocessing = 0;
			shellPath = /bin/sh;
			shellScript = "KEYWORDS=\"TODO:|FIXME:|\\?\\?\\?:|\\!\\!\\!:\"\nFILE_EXTENSIONS=\"swift|h|m|mm|c|cpp\"\nfind -E \"${SRCROOT}\" -ipath \"${SRCROOT}/pods\" -prune -o \\( -regex \".*\\.($FILE_EXTENSIONS)$\" \\) -print0 | xargs -0 egrep --with-filename --line-number --only-matching \"($KEYWORDS).*\\$\" | perl -p -e \"s/($KEYWORDS)/ warning: \\$1/\"\n";
		};
		072B7305FD704FF4ADBABADA /* Check Pods Manifest.lock */ = {
			isa = PBXShellScriptBuildPhase;
			buildActionMask = 2147483647;
			files = (
			);
			inputPaths = (
			);
			name = "Check Pods Manifest.lock";
			outputPaths = (
			);
			runOnlyForDeploymentPostprocessing = 0;
			shellPath = /bin/sh;
			shellScript = "diff \"${PODS_ROOT}/../Podfile.lock\" \"${PODS_ROOT}/Manifest.lock\" > /dev/null\nif [[ $? != 0 ]] ; then\n    cat << EOM\nerror: The sandbox is not in sync with the Podfile.lock. Run 'pod install' or update your CocoaPods installation.\nEOM\n    exit 1\nfi\n";
			showEnvVarsInLog = 0;
		};
		9ADA25753E87F2472BA8DAB7 /* Copy Pods Resources */ = {
			isa = PBXShellScriptBuildPhase;
			buildActionMask = 2147483647;
			files = (
			);
			inputPaths = (
			);
			name = "Copy Pods Resources";
			outputPaths = (
			);
			runOnlyForDeploymentPostprocessing = 0;
			shellPath = /bin/sh;
			shellScript = "\"${SRCROOT}/Pods/Target Support Files/Pods-unit_tests/Pods-unit_tests-resources.sh\"\n";
			showEnvVarsInLog = 0;
		};
/* End PBXShellScriptBuildPhase section */

/* Begin PBXSourcesBuildPhase section */
		0E8C7B7BF55B59F95A01B0E6 /* Sources */ = {
			isa = PBXSourcesBuildPhase;
			buildActionMask = 2147483647;
			files = (
				759AE100708A3E876FA96DA5 /* AppDelegate.swift in Sources */,
				6EE4304A1B54703000770B17 /* ARLayarViewController.swift in Sources */,
				AC71F6AD1C19A425150B60CC /* Main.storyboard in Sources */,
				820244EBF21FF0A3851BB91A /* LaunchScreen.xib in Sources */,
			);
			runOnlyForDeploymentPostprocessing = 0;
		};
		6D47E3A8BD15BE8937D12FA4 /* Sources */ = {
			isa = PBXSourcesBuildPhase;
			buildActionMask = 2147483647;
			files = (
			);
			runOnlyForDeploymentPostprocessing = 0;
		};
/* End PBXSourcesBuildPhase section */

/* Begin PBXTargetDependency section */
		74268BBB525A3EF1B600E99F /* PBXTargetDependency */ = {
			isa = PBXTargetDependency;
			target = 9F225B029CB92B6276211218 /* layar */;
			targetProxy = 37A53E94A8F8377D7AA91F47 /* PBXContainerItemProxy */;
		};
/* End PBXTargetDependency section */

/* Begin XCBuildConfiguration section */
		3CA644EBED896C5111285535 /* Debug */ = {
			isa = XCBuildConfiguration;
			baseConfigurationReference = 166CE1C627203CBFCD99D5E0 /* Pods-unit_tests.debug.xcconfig */;
			buildSettings = {
				BUNDLE_LOADER = "$(BUILT_PRODUCTS_DIR)/layar.app/layar";
				FRAMEWORK_SEARCH_PATHS = (
					"$(SDKROOT)/Developer/Library/Frameworks",
					"$(inherited)",
					"$(DEVELOPER_FRAMEWORKS_DIR)",
				);
				INFOPLIST_FILE = "UnitTests/Resources/UnitTests-Info.plist";
				PRODUCT_NAME = "$(TARGET_NAME)";
				SDKROOT = iphoneos;
				SKIP_INSTALL = YES;
				TEST_HOST = "$(BUNDLE_LOADER)";
				WRAPPER_EXTENSION = xctest;
			};
			name = Debug;
		};
		3D437B4F1104CFCE8E85C93D /* Release */ = {
			isa = XCBuildConfiguration;
			buildSettings = {
				ALWAYS_SEARCH_USER_PATHS = NO;
				CODE_SIGN_IDENTITY = "iPhone Developer";
				"CODE_SIGN_IDENTITY[sdk=iphoneos*]" = "iPhone Developer";
				COPY_PHASE_STRIP = YES;
				DSTROOT = /tmp/xcodeproj.dst;
				FRAMEWORK_SEARCH_PATHS = (
					"$(inherited)",
					"$(PROJECT_DIR)",
				);
				GCC_PRECOMPILE_PREFIX_HEADER = YES;
				GCC_TREAT_WARNINGS_AS_ERRORS = YES;
				INFOPLIST_FILE = "layar/Resources/Other-Sources/Info.plist";
				INSTALL_PATH = "$(BUILT_PRODUCTS_DIR)";
				LD_RUNPATH_SEARCH_PATHS = "$(inherited) @executable_path/Frameworks";
				LIBRARY_SEARCH_PATHS = (
					"$(inherited)",
					"$(PROJECT_DIR)/layar/Resources/Other-Sources/MPOAuth",
				);
				OTHER_CFLAGS = (
					"-DNS_BLOCK_ASSERTIONS=1",
					"$(inherited)",
				);
				OTHER_CPLUSPLUSFLAGS = (
					"-DNS_BLOCK_ASSERTIONS=1",
					"$(inherited)",
				);
				OTHER_LDFLAGS = (
					"-lstdc++",
					"-ObjC",
				);
				PRODUCT_NAME = "$(TARGET_NAME)";
				PROVISIONING_PROFILE = "";
				PUBLIC_HEADERS_FOLDER_PATH = "$(TARGET_NAME)";
				SDKROOT = iphoneos;
				SWIFT_OBJC_BRIDGING_HEADER = layar/Headers/BridgeHeader.h;
				VALIDATE_PRODUCT = YES;
			};
			name = Release;
		};
		6B66531421671C5EB132BD6E /* Debug */ = {
			isa = XCBuildConfiguration;
			buildSettings = {
				ALWAYS_SEARCH_USER_PATHS = NO;
				ASSETCATALOG_COMPILER_APPICON_NAME = AppIcon;
				CLANG_CXX_LANGUAGE_STANDARD = "gnu++0x";
				CLANG_CXX_LIBRARY = "libc++";
				CLANG_ENABLE_MODULES = YES;
				CLANG_ENABLE_OBJC_ARC = YES;
				CLANG_WARN_BOOL_CONVERSION = YES;
				CLANG_WARN_CONSTANT_CONVERSION = YES;
				CLANG_WARN_DEPRECATED_OBJC_IMPLEMENTATIONS = YES;
				CLANG_WARN_DIRECT_OBJC_ISA_USAGE = YES;
				CLANG_WARN_EMPTY_BODY = YES;
				CLANG_WARN_ENUM_CONVERSION = YES;
				CLANG_WARN_IMPLICIT_SIGN_CONVERSION = YES;
				CLANG_WARN_INT_CONVERSION = YES;
				CLANG_WARN_OBJC_IMPLICIT_RETAIN_SELF = YES;
				CLANG_WARN_OBJC_ROOT_CLASS = YES;
				CLANG_WARN_SUSPICIOUS_IMPLICIT_CONVERSION = YES;
				"CODE_SIGN_IDENTITY[sdk=iphoneos*]" = "iPhone Developer";
				COPY_PHASE_STRIP = YES;
				GCC_C_LANGUAGE_STANDARD = gnu99;
				GCC_DYNAMIC_NO_PIC = NO;
				GCC_OPTIMIZATION_LEVEL = 0;
				GCC_PREPROCESSOR_DEFINITIONS = (
					"DEBUG=1",
					"$(inherited)",
				);
				GCC_SYMBOLS_PRIVATE_EXTERN = NO;
				GCC_WARN_64_TO_32_BIT_CONVERSION = YES;
				GCC_WARN_ABOUT_DEPRECATED_FUNCTIONS = YES;
				GCC_WARN_ABOUT_MISSING_FIELD_INITIALIZERS = YES;
				GCC_WARN_ABOUT_MISSING_NEWLINE = YES;
				GCC_WARN_ABOUT_RETURN_TYPE = YES;
				GCC_WARN_CHECK_SWITCH_STATEMENTS = YES;
				GCC_WARN_INITIALIZER_NOT_FULLY_BRACKETED = YES;
				GCC_WARN_MISSING_PARENTHESES = YES;
				GCC_WARN_SHADOW = YES;
				GCC_WARN_SIGN_COMPARE = YES;
				GCC_WARN_TYPECHECK_CALLS_TO_PRINTF = YES;
				GCC_WARN_UNDECLARED_SELECTOR = YES;
				GCC_WARN_UNINITIALIZED_AUTOS = YES;
				GCC_WARN_UNUSED_FUNCTION = YES;
				GCC_WARN_UNUSED_LABEL = YES;
				GCC_WARN_UNUSED_VALUE = YES;
				GCC_WARN_UNUSED_VARIABLE = YES;
				IPHONEOS_DEPLOYMENT_TARGET = 8.0;
				ONLY_ACTIVE_ARCH = YES;
				RUN_CLANG_STATIC_ANALYZER = YES;
				SDKROOT = iphoneos;
			};
			name = Debug;
		};
		8C544390E8382ED145F05928 /* Debug */ = {
			isa = XCBuildConfiguration;
			buildSettings = {
				ALWAYS_SEARCH_USER_PATHS = NO;
				CODE_SIGN_IDENTITY = "iPhone Developer";
				"CODE_SIGN_IDENTITY[sdk=iphoneos*]" = "iPhone Developer";
				COPY_PHASE_STRIP = NO;
				DSTROOT = /tmp/xcodeproj.dst;
				FRAMEWORK_SEARCH_PATHS = (
					"$(inherited)",
					"$(PROJECT_DIR)",
				);
				GCC_DYNAMIC_NO_PIC = NO;
				GCC_OPTIMIZATION_LEVEL = 0;
				GCC_PRECOMPILE_PREFIX_HEADER = YES;
				GCC_PREPROCESSOR_DEFINITIONS = (
					"DEBUG=1",
					"$(inherited)",
				);
				GCC_SYMBOLS_PRIVATE_EXTERN = NO;
				INFOPLIST_FILE = "layar/Resources/Other-Sources/Info.plist";
				INSTALL_PATH = "$(BUILT_PRODUCTS_DIR)";
				LD_RUNPATH_SEARCH_PATHS = "$(inherited) @executable_path/Frameworks";
				LIBRARY_SEARCH_PATHS = (
					"$(inherited)",
					"$(PROJECT_DIR)/layar/Resources/Other-Sources/MPOAuth",
				);
				OTHER_LDFLAGS = (
					"-lstdc++",
					"-ObjC",
				);
				PRODUCT_NAME = "$(TARGET_NAME)";
				PROVISIONING_PROFILE = "";
				PUBLIC_HEADERS_FOLDER_PATH = "$(TARGET_NAME)";
				SDKROOT = iphoneos;
				SWIFT_OBJC_BRIDGING_HEADER = layar/Headers/BridgeHeader.h;
			};
			name = Debug;
		};
		BA00A24259EF7B9689E80907 /* Release */ = {
			isa = XCBuildConfiguration;
			buildSettings = {
				ALWAYS_SEARCH_USER_PATHS = NO;
				ASSETCATALOG_COMPILER_APPICON_NAME = AppIcon;
				CLANG_CXX_LANGUAGE_STANDARD = "gnu++0x";
				CLANG_CXX_LIBRARY = "libc++";
				CLANG_ENABLE_MODULES = YES;
				CLANG_ENABLE_OBJC_ARC = YES;
				CLANG_WARN_BOOL_CONVERSION = YES;
				CLANG_WARN_CONSTANT_CONVERSION = YES;
				CLANG_WARN_DEPRECATED_OBJC_IMPLEMENTATIONS = YES;
				CLANG_WARN_DIRECT_OBJC_ISA_USAGE = YES;
				CLANG_WARN_EMPTY_BODY = YES;
				CLANG_WARN_ENUM_CONVERSION = YES;
				CLANG_WARN_IMPLICIT_SIGN_CONVERSION = YES;
				CLANG_WARN_INT_CONVERSION = YES;
				CLANG_WARN_OBJC_IMPLICIT_RETAIN_SELF = YES;
				CLANG_WARN_OBJC_ROOT_CLASS = YES;
				CLANG_WARN_SUSPICIOUS_IMPLICIT_CONVERSION = YES;
				"CODE_SIGN_IDENTITY[sdk=iphoneos*]" = "iPhone Developer";
				COPY_PHASE_STRIP = NO;
				ENABLE_NS_ASSERTIONS = NO;
				GCC_C_LANGUAGE_STANDARD = gnu99;
				GCC_WARN_64_TO_32_BIT_CONVERSION = YES;
				GCC_WARN_ABOUT_DEPRECATED_FUNCTIONS = YES;
				GCC_WARN_ABOUT_MISSING_FIELD_INITIALIZERS = YES;
				GCC_WARN_ABOUT_MISSING_NEWLINE = YES;
				GCC_WARN_ABOUT_RETURN_TYPE = YES;
				GCC_WARN_CHECK_SWITCH_STATEMENTS = YES;
				GCC_WARN_INITIALIZER_NOT_FULLY_BRACKETED = YES;
				GCC_WARN_MISSING_PARENTHESES = YES;
				GCC_WARN_SHADOW = YES;
				GCC_WARN_SIGN_COMPARE = YES;
				GCC_WARN_TYPECHECK_CALLS_TO_PRINTF = YES;
				GCC_WARN_UNDECLARED_SELECTOR = YES;
				GCC_WARN_UNINITIALIZED_AUTOS = YES;
				GCC_WARN_UNUSED_FUNCTION = YES;
				GCC_WARN_UNUSED_LABEL = YES;
				GCC_WARN_UNUSED_VALUE = YES;
				GCC_WARN_UNUSED_VARIABLE = YES;
				IPHONEOS_DEPLOYMENT_TARGET = 8.0;
				RUN_CLANG_STATIC_ANALYZER = YES;
				SDKROOT = iphoneos;
				VALIDATE_PRODUCT = YES;
			};
			name = Release;
		};
		C5812022DB71B812BCF045E6 /* Release */ = {
			isa = XCBuildConfiguration;
			baseConfigurationReference = 759032C97830338884E470B2 /* Pods-unit_tests.release.xcconfig */;
			buildSettings = {
				BUNDLE_LOADER = "$(BUILT_PRODUCTS_DIR)/layar.app/layar";
				FRAMEWORK_SEARCH_PATHS = (
					"$(SDKROOT)/Developer/Library/Frameworks",
					"$(inherited)",
					"$(DEVELOPER_FRAMEWORKS_DIR)",
				);
				INFOPLIST_FILE = "UnitTests/Resources/UnitTests-Info.plist";
				PRODUCT_NAME = "$(TARGET_NAME)";
				SDKROOT = iphoneos;
				SKIP_INSTALL = YES;
				TEST_HOST = "$(BUNDLE_LOADER)";
				WRAPPER_EXTENSION = xctest;
			};
			name = Release;
		};
/* End XCBuildConfiguration section */

/* Begin XCConfigurationList section */
		8D628BD0266458C879D939E9 /* Build configuration list for PBXNativeTarget "layar" */ = {
			isa = XCConfigurationList;
			buildConfigurations = (
				3D437B4F1104CFCE8E85C93D /* Release */,
				8C544390E8382ED145F05928 /* Debug */,
			);
			defaultConfigurationIsVisible = 0;
			defaultConfigurationName = Release;
		};
		AB25DAE5CEE6A28B8F2E3D18 /* Build configuration list for PBXNativeTarget "UnitTests" */ = {
			isa = XCConfigurationList;
			buildConfigurations = (
				C5812022DB71B812BCF045E6 /* Release */,
				3CA644EBED896C5111285535 /* Debug */,
			);
			defaultConfigurationIsVisible = 0;
			defaultConfigurationName = Release;
		};
		DE69622E2A34F863828313CA /* Build configuration list for PBXProject "layar" */ = {
			isa = XCConfigurationList;
			buildConfigurations = (
				6B66531421671C5EB132BD6E /* Debug */,
				BA00A24259EF7B9689E80907 /* Release */,
			);
			defaultConfigurationIsVisible = 0;
			defaultConfigurationName = Release;
		};
/* End XCConfigurationList section */
	};
	rootObject = 650D265661AFA05B86BF904C /* Project object */;
}
